
Microsoft Visual Studio Solution File, Format Version 12.00
# Visual Studio Version 16
VisualStudioVersion = 16.0.31321.278
MinimumVisualStudioVersion = 10.0.40219.1
Project("{FAE04EC0-301F-11D3-BF4B-00C04F79EFBC}") = "XamarinCalculadora.Android", "XamarinCalculadora\XamarinCalculadora.Android\XamarinCalculadora.Android.csproj", "{AA0F67F3-A940-46AB-B69D-58C7F2589977}"
EndProject
Project("{FAE04EC0-301F-11D3-BF4B-00C04F79EFBC}") = "XamarinCalculadora.iOS", "XamarinCalculadora\XamarinCalculadora.iOS\XamarinCalculadora.iOS.csproj", "{9292D260-23D8-4EC7-9E43-BD2797C53D33}"
EndProject
Project("{FAE04EC0-301F-11D3-BF4B-00C04F79EFBC}") = "XamarinCalculadora", "XamarinCalculadora\XamarinCalculadora\XamarinCalculadora.csproj", "{16D9DC5D-BED5-40BC-A98C-684DD0F48739}"
EndProject
Global
	GlobalSection(SolutionConfigurationPlatforms) = preSolution
		Debug|Any CPU = Debug|Any CPU
		Debug|iPhone = Debug|iPhone
		Debug|iPhoneSimulator = Debug|iPhoneSimulator
		Release|Any CPU = Release|Any CPU
		Release|iPhone = Release|iPhone
		Release|iPhoneSimulator = Release|iPhoneSimulator
	EndGlobalSection
	GlobalSection(ProjectConfigurationPlatforms) = postSolution
		{AA0F67F3-A940-46AB-B69D-58C7F2589977}.Debug|Any CPU.ActiveCfg = Debug|Any CPU
		{AA0F67F3-A940-46AB-B69D-58C7F2589977}.Debug|Any CPU.Build.0 = Debug|Any CPU
		{AA0F67F3-A940-46AB-B69D-58C7F2589977}.Debug|Any CPU.Deploy.0 = Debug|Any CPU
		{AA0F67F3-A940-46AB-B69D-58C7F2589977}.Debug|iPhone.ActiveCfg = Debug|Any CPU
		{AA0F67F3-A940-46AB-B69D-58C7F2589977}.Debug|iPhone.Build.0 = Debug|Any CPU
		{AA0F67F3-A940-46AB-B69D-58C7F2589977}.Debug|iPhone.Deploy.0 = Debug|Any CPU
		{AA0F67F3-A940-46AB-B69D-58C7F2589977}.Debug|iPhoneSimulator.ActiveCfg = Debug|Any CPU
		{AA0F67F3-A940-46AB-B69D-58C7F2589977}.Debug|iPhoneSimulator.Build.0 = Debug|Any CPU
		{AA0F67F3-A940-46AB-B69D-58C7F2589977}.Debug|iPhoneSimulator.Deploy.0 = Debug|Any CPU
		{AA0F67F3-A940-46AB-B69D-58C7F2589977}.Release|Any CPU.ActiveCfg = Release|Any CPU
		{AA0F67F3-A940-46AB-B69D-58C7F2589977}.Release|Any CPU.Build.0 = Release|Any CPU
		{AA0F67F3-A940-46AB-B69D-58C7F2589977}.Release|Any CPU.Deploy.0 = Release|Any CPU
		{AA0F67F3-A940-46AB-B69D-58C7F2589977}.Release|iPhone.ActiveCfg = Release|Any CPU
		{AA0F67F3-A940-46AB-B69D-58C7F2589977}.Release|iPhone.Build.0 = Release|Any CPU
		{AA0F67F3-A940-46AB-B69D-58C7F2589977}.Release|iPhone.Deploy.0 = Release|Any CPU
		{AA0F67F3-A940-46AB-B69D-58C7F2589977}.Release|iPhoneSimulator.ActiveCfg = Release|Any CPU
		{AA0F67F3-A940-46AB-B69D-58C7F2589977}.Release|iPhoneSimulator.Build.0 = Release|Any CPU
		{AA0F67F3-A940-46AB-B69D-58C7F2589977}.Release|iPhoneSimulator.Deploy.0 = Release|Any CPU
		{9292D260-23D8-4EC7-9E43-BD2797C53D33}.Debug|Any CPU.ActiveCfg = Debug|iPhone
		{9292D260-23D8-4EC7-9E43-BD2797C53D33}.Debug|Any CPU.Build.0 = Debug|iPhone
		{9292D260-23D8-4EC7-9E43-BD2797C53D33}.Debug|Any CPU.Deploy.0 = Debug|iPhone
		{9292D260-23D8-4EC7-9E43-BD2797C53D33}.Debug|iPhone.ActiveCfg = Debug|iPhone
		{9292D260-23D8-4EC7-9E43-BD2797C53D33}.Debug|iPhone.Build.0 = Debug|iPhone
		{9292D260-23D8-4EC7-9E43-BD2797C53D33}.Debug|iPhone.Deploy.0 = Debug|iPhone
		{9292D260-23D8-4EC7-9E43-BD2797C53D33}.Debug|iPhoneSimulator.ActiveCfg = Debug|iPhoneSimulator
		{9292D260-23D8-4EC7-9E43-BD2797C53D33}.Debug|iPhoneSimulator.Build.0 = Debug|iPhoneSimulator
		{9292D260-23D8-4EC7-9E43-BD2797C53D33}.Debug|iPhoneSimulator.Deploy.0 = Debug|iPhoneSimulator
		{9292D260-23D8-4EC7-9E43-BD2797C53D33}.Release|Any CPU.ActiveCfg = Release|iPhoneSimulator
		{9292D260-23D8-4EC7-9E43-BD2797C53D33}.Release|Any CPU.Build.0 = Release|iPhoneSimulator
		{9292D260-23D8-4EC7-9E43-BD2797C53D33}.Release|Any CPU.Deploy.0 = Release|iPhoneSimulator
		{9292D260-23D8-4EC7-9E43-BD2797C53D33}.Release|iPhone.ActiveCfg = Release|iPhone
		{9292D260-23D8-4EC7-9E43-BD2797C53D33}.Release|iPhone.Build.0 = Release|iPhone
		{9292D260-23D8-4EC7-9E43-BD2797C53D33}.Release|iPhone.Deploy.0 = Release|iPhone
		{9292D260-23D8-4EC7-9E43-BD2797C53D33}.Release|iPhoneSimulator.ActiveCfg = Release|iPhoneSimulator
		{9292D260-23D8-4EC7-9E43-BD2797C53D33}.Release|iPhoneSimulator.Build.0 = Release|iPhoneSimulator
		{9292D260-23D8-4EC7-9E43-BD2797C53D33}.Release|iPhoneSimulator.Deploy.0 = Release|iPhoneSimulator
		{16D9DC5D-BED5-40BC-A98C-684DD0F48739}.Debug|Any CPU.ActiveCfg = Debug|Any CPU
		{16D9DC5D-BED5-40BC-A98C-684DD0F48739}.Debug|Any CPU.Build.0 = Debug|Any CPU
		{16D9DC5D-BED5-40BC-A98C-684DD0F48739}.Debug|Any CPU.Deploy.0 = Debug|Any CPU
		{16D9DC5D-BED5-40BC-A98C-684DD0F48739}.Debug|iPhone.ActiveCfg = Debug|Any CPU
		{16D9DC5D-BED5-40BC-A98C-684DD0F48739}.Debug|iPhone.Build.0 = Debug|Any CPU
		{16D9DC5D-BED5-40BC-A98C-684DD0F48739}.Debug|iPhone.Deploy.0 = Debug|Any CPU
		{16D9DC5D-BED5-40BC-A98C-684DD0F48739}.Debug|iPhoneSimulator.ActiveCfg = Debug|Any CPU
		{16D9DC5D-BED5-40BC-A98C-684DD0F48739}.Debug|iPhoneSimulator.Build.0 = Debug|Any CPU
		{16D9DC5D-BED5-40BC-A98C-684DD0F48739}.Debug|iPhoneSimulator.Deploy.0 = Debug|Any CPU
		{16D9DC5D-BED5-40BC-A98C-684DD0F48739}.Release|Any CPU.ActiveCfg = Release|Any CPU
		{16D9DC5D-BED5-40BC-A98C-684DD0F48739}.Release|Any CPU.Build.0 = Release|Any CPU
		{16D9DC5D-BED5-40BC-A98C-684DD0F48739}.Release|Any CPU.Deploy.0 = Release|Any CPU
		{16D9DC5D-BED5-40BC-A98C-684DD0F48739}.Release|iPhone.ActiveCfg = Release|Any CPU
		{16D9DC5D-BED5-40BC-A98C-684DD0F48739}.Release|iPhone.Build.0 = Release|Any CPU
		{16D9DC5D-BED5-40BC-A98C-684DD0F48739}.Release|iPhone.Deploy.0 = Release|Any CPU
		{16D9DC5D-BED5-40BC-A98C-684DD0F48739}.Release|iPhoneSimulator.ActiveCfg = Release|Any CPU
		{16D9DC5D-BED5-40BC-A98C-684DD0F48739}.Release|iPhoneSimulator.Build.0 = Release|Any CPU
		{16D9DC5D-BED5-40BC-A98C-684DD0F48739}.Release|iPhoneSimulator.Deploy.0 = Release|Any CPU
	EndGlobalSection
	GlobalSection(SolutionProperties) = preSolution
		HideSolutionNode = FALSE
	EndGlobalSection
	GlobalSection(ExtensibilityGlobals) = postSolution
		SolutionGuid = {104E314B-5FF1-4288-BCF6-AEFFDF7BE723}
	EndGlobalSection
EndGlobal
